{
  "name": "Front_End",
  "lockfileVersion": 2,
  "requires": true,
  "packages": {
    "": {
      "dependencies": {
        "bootstrap-select": "^1.13.18",
        "jquery-zoom": "^1.7.21",
        "js-image-zoom": "^0.7.0",
        "star-rating.js": "^4.3.0"
      }
    },
    "node_modules/@popperjs/core": {
      "version": "2.11.5",
      "resolved": "https://registry.npmjs.org/@popperjs/core/-/core-2.11.5.tgz",
      "integrity": "sha512-9X2obfABZuDVLCgPK9aX0a/x4jaOEweTTWE2+9sr0Qqqevj2Uv5XorvusThmc9XGYpS9yI+fhh8RTafBtGposw==",
      "peer": true,
      "funding": {
        "type": "opencollective",
        "url": "https://opencollective.com/popperjs"
      }
    },
    "node_modules/bootstrap": {
      "version": "5.2.0",
      "resolved": "https://registry.npmjs.org/bootstrap/-/bootstrap-5.2.0.tgz",
      "integrity": "sha512-qlnS9GL6YZE6Wnef46GxGv1UpGGzAwO0aPL1yOjzDIJpeApeMvqV24iL+pjr2kU4dduoBA9fINKWKgMToobx9A==",
      "funding": [
        {
          "type": "github",
          "url": "https://github.com/sponsors/twbs"
        },
        {
          "type": "opencollective",
          "url": "https://opencollective.com/bootstrap"
        }
      ],
      "peer": true,
      "peerDependencies": {
        "@popperjs/core": "^2.11.5"
      }
    },
    "node_modules/bootstrap-select": {
      "version": "1.13.18",
      "resolved": "https://registry.npmjs.org/bootstrap-select/-/bootstrap-select-1.13.18.tgz",
      "integrity": "sha512-V1IzK4rxBq5FrJtkzSH6RmFLFBsjx50byFbfAf8jYyXROWs7ZpprGjdHeoyq2HSsHyjJhMMwjsQhRoYAfxCGow==",
      "peerDependencies": {
        "bootstrap": ">=3.0.0",
        "jquery": "1.9.1 - 3"
      }
    },
    "node_modules/detect-it": {
      "version": "4.0.1",
      "resolved": "https://registry.npmjs.org/detect-it/-/detect-it-4.0.1.tgz",
      "integrity": "sha512-dg5YBTJYvogK1+dA2mBUDKzOWfYZtHVba89SyZUhc4+e3i2tzgjANFg5lDRCd3UOtRcw00vUTMK8LELcMdicug=="
    },
    "node_modules/jquery": {
      "version": "3.6.0",
      "resolved": "https://registry.npmjs.org/jquery/-/jquery-3.6.0.tgz",
      "integrity": "sha512-JVzAR/AjBvVt2BmYhxRCSYysDsPcssdmTFnzyLEts9qNwmjmu4JTAMYubEfwVOSwpQ1I1sKKFcxhZCI2buerfw=="
    },
    "node_modules/jquery-zoom": {
      "version": "1.7.21",
      "resolved": "https://registry.npmjs.org/jquery-zoom/-/jquery-zoom-1.7.21.tgz",
      "integrity": "sha512-C3aDEt0c4TkPrOPqIs5VAOwBMgitf1I7jEakO15G3QfxdVEivBvUlkiCjfcGQM+FyXdvshpbiEJKDbEdPz2/pw==",
      "dependencies": {
        "jquery": ">=1.7"
      }
    },
    "node_modules/js-image-zoom": {
      "version": "0.7.0",
      "resolved": "https://registry.npmjs.org/js-image-zoom/-/js-image-zoom-0.7.0.tgz",
      "integrity": "sha512-csvn2FmRLjVz5O9AtXGRPKy0Khfcf5n2Vuyg1NyOVylcjzJ6IKN60JmZ/d5rVQvMya9V6tqAaCqj/c20PlUYpQ==",
      "engines": {
        "node": ">=0.8.0"
      }
    },
    "node_modules/star-rating.js": {
      "version": "4.3.0",
      "resolved": "https://registry.npmjs.org/star-rating.js/-/star-rating.js-4.3.0.tgz",
      "integrity": "sha512-uHFwdMUf1+roKvZmh+clpkOpJMrRPSxvuWdIFh4oZtPCbyfUI3xzCWqDNtX060L+wRi3AHT3ZNH7JYf05FYeKQ==",
      "dependencies": {
        "detect-it": "^4.0.0"
      }
    }
  },
  "dependencies": {
    "@popperjs/core": {
      "version": "2.11.5",
      "resolved": "https://registry.npmjs.org/@popperjs/core/-/core-2.11.5.tgz",
      "integrity": "sha512-9X2obfABZuDVLCgPK9aX0a/x4jaOEweTTWE2+9sr0Qqqevj2Uv5XorvusThmc9XGYpS9yI+fhh8RTafBtGposw==",
      "peer": true
    },
    "bootstrap": {
      "version": "5.2.0",
      "resolved": "https://registry.npmjs.org/bootstrap/-/bootstrap-5.2.0.tgz",
      "integrity": "sha512-qlnS9GL6YZE6Wnef46GxGv1UpGGzAwO0aPL1yOjzDIJpeApeMvqV24iL+pjr2kU4dduoBA9fINKWKgMToobx9A==",
      "peer": true,
      "requires": {}
    },
    "bootstrap-select": {
      "version": "1.13.18",
      "resolved": "https://registry.npmjs.org/bootstrap-select/-/bootstrap-select-1.13.18.tgz",
      "integrity": "sha512-V1IzK4rxBq5FrJtkzSH6RmFLFBsjx50byFbfAf8jYyXROWs7ZpprGjdHeoyq2HSsHyjJhMMwjsQhRoYAfxCGow==",
      "requires": {}
    },
    "detect-it": {
      "version": "4.0.1",
      "resolved": "https://registry.npmjs.org/detect-it/-/detect-it-4.0.1.tgz",
      "integrity": "sha512-dg5YBTJYvogK1+dA2mBUDKzOWfYZtHVba89SyZUhc4+e3i2tzgjANFg5lDRCd3UOtRcw00vUTMK8LELcMdicug=="
    },
    "jquery": {
      "version": "3.6.0",
      "resolved": "https://registry.npmjs.org/jquery/-/jquery-3.6.0.tgz",
      "integrity": "sha512-JVzAR/AjBvVt2BmYhxRCSYysDsPcssdmTFnzyLEts9qNwmjmu4JTAMYubEfwVOSwpQ1I1sKKFcxhZCI2buerfw=="
    },
    "jquery-zoom": {
      "version": "1.7.21",
      "resolved": "https://registry.npmjs.org/jquery-zoom/-/jquery-zoom-1.7.21.tgz",
      "integrity": "sha512-C3aDEt0c4TkPrOPqIs5VAOwBMgitf1I7jEakO15G3QfxdVEivBvUlkiCjfcGQM+FyXdvshpbiEJKDbEdPz2/pw==",
      "requires": {
        "jquery": ">=1.7"
      }
    },
    "js-image-zoom": {
      "version": "0.7.0",
      "resolved": "https://registry.npmjs.org/js-image-zoom/-/js-image-zoom-0.7.0.tgz",
      "integrity": "sha512-csvn2FmRLjVz5O9AtXGRPKy0Khfcf5n2Vuyg1NyOVylcjzJ6IKN60JmZ/d5rVQvMya9V6tqAaCqj/c20PlUYpQ=="
    },
    "star-rating.js": {
      "version": "4.3.0",
      "resolved": "https://registry.npmjs.org/star-rating.js/-/star-rating.js-4.3.0.tgz",
      "integrity": "sha512-uHFwdMUf1+roKvZmh+clpkOpJMrRPSxvuWdIFh4oZtPCbyfUI3xzCWqDNtX060L+wRi3AHT3ZNH7JYf05FYeKQ==",
      "requires": {
        "detect-it": "^4.0.0"
      }
    }
  }
}
